
Microsoft Visual Studio Solution File, Format Version 12.00
# Visual Studio Version 16
VisualStudioVersion = 16.0.30114.105
MinimumVisualStudioVersion = 10.0.40219.1
Project("{9A19103F-16F7-4668-BE54-9A1E7A4F7556}") = "ScoresUI", "SoccerScores\ScoresUI.csproj", "{1B4FDF21-23B7-4B2D-97DD-0BC9F05266B7}"
EndProject
Project("{9A19103F-16F7-4668-BE54-9A1E7A4F7556}") = "Scores.Library", "SoccerScores.Library\Scores.Library.csproj", "{12CE9323-3B02-4651-A9A4-AE7FF9F56CB9}"
EndProject
Global
	GlobalSection(SolutionConfigurationPlatforms) = preSolution
		Debug|Any CPU = Debug|Any CPU
		Release|Any CPU = Release|Any CPU
	EndGlobalSection
	GlobalSection(ProjectConfigurationPlatforms) = postSolution
		{1B4FDF21-23B7-4B2D-97DD-0BC9F05266B7}.Debug|Any CPU.ActiveCfg = Debug|Any CPU
		{1B4FDF21-23B7-4B2D-97DD-0BC9F05266B7}.Debug|Any CPU.Build.0 = Debug|Any CPU
		{1B4FDF21-23B7-4B2D-97DD-0BC9F05266B7}.Release|Any CPU.ActiveCfg = Release|Any CPU
		{1B4FDF21-23B7-4B2D-97DD-0BC9F05266B7}.Release|Any CPU.Build.0 = Release|Any CPU
		{12CE9323-3B02-4651-A9A4-AE7FF9F56CB9}.Debug|Any CPU.ActiveCfg = Debug|Any CPU
		{12CE9323-3B02-4651-A9A4-AE7FF9F56CB9}.Debug|Any CPU.Build.0 = Debug|Any CPU
		{12CE9323-3B02-4651-A9A4-AE7FF9F56CB9}.Release|Any CPU.ActiveCfg = Release|Any CPU
		{12CE9323-3B02-4651-A9A4-AE7FF9F56CB9}.Release|Any CPU.Build.0 = Release|Any CPU
	EndGlobalSection
	GlobalSection(SolutionProperties) = preSolution
		HideSolutionNode = FALSE
	EndGlobalSection
	GlobalSection(ExtensibilityGlobals) = postSolution
		SolutionGuid = {1EFBC86B-F181-4DD6-8757-A4B15650B758}
	EndGlobalSection
EndGlobal
